
Microsoft Visual Studio Solution File, Format Version 12.00
# Visual Studio Version 17
VisualStudioVersion = 17.0.31903.59
MinimumVisualStudioVersion = 10.0.40219.1
Project("{FAE04EC0-301F-11D3-BF4B-00C04F79EFBC}") = "Class Library", "Class Library\Class Library.csproj", "{D63DAE82-AC4C-4A01-ACBB-40014BED3E2F}"
EndProject
Project("{FAE04EC0-301F-11D3-BF4B-00C04F79EFBC}") = "GeometryTest", "VectorTest\GeometryTest.csproj", "{EEEF6736-D9E7-47D0-9242-5D18E0361CEB}"
EndProject
Global
	GlobalSection(SolutionConfigurationPlatforms) = preSolution
		Debug|Any CPU = Debug|Any CPU
		Release|Any CPU = Release|Any CPU
	EndGlobalSection
	GlobalSection(SolutionProperties) = preSolution
		HideSolutionNode = FALSE
	EndGlobalSection
	GlobalSection(ProjectConfigurationPlatforms) = postSolution
		{D63DAE82-AC4C-4A01-ACBB-40014BED3E2F}.Debug|Any CPU.ActiveCfg = Debug|Any CPU
		{D63DAE82-AC4C-4A01-ACBB-40014BED3E2F}.Debug|Any CPU.Build.0 = Debug|Any CPU
		{D63DAE82-AC4C-4A01-ACBB-40014BED3E2F}.Release|Any CPU.ActiveCfg = Release|Any CPU
		{D63DAE82-AC4C-4A01-ACBB-40014BED3E2F}.Release|Any CPU.Build.0 = Release|Any CPU
		{EEEF6736-D9E7-47D0-9242-5D18E0361CEB}.Debug|Any CPU.ActiveCfg = Debug|Any CPU
		{EEEF6736-D9E7-47D0-9242-5D18E0361CEB}.Debug|Any CPU.Build.0 = Debug|Any CPU
		{EEEF6736-D9E7-47D0-9242-5D18E0361CEB}.Release|Any CPU.ActiveCfg = Release|Any CPU
		{EEEF6736-D9E7-47D0-9242-5D18E0361CEB}.Release|Any CPU.Build.0 = Release|Any CPU
	EndGlobalSection
EndGlobal
